
Microsoft Visual Studio Solution File, Format Version 12.00
# Visual Studio Version 17
VisualStudioVersion = 17.1.32421.90
MinimumVisualStudioVersion = 10.0.40219.1
Project("{FAE04EC0-301F-11D3-BF4B-00C04F79EFBC}") = "VehicleCollection", "VehicleCollection\VehicleCollection.csproj", "{6DFBC075-7562-4E12-88FF-FA473AB5AECF}"
EndProject
Global
	GlobalSection(SolutionConfigurationPlatforms) = preSolution
		Debug|Any CPU = Debug|Any CPU
		Release|Any CPU = Release|Any CPU
	EndGlobalSection
	GlobalSection(ProjectConfigurationPlatforms) = postSolution
		{6DFBC075-7562-4E12-88FF-FA473AB5AECF}.Debug|Any CPU.ActiveCfg = Debug|Any CPU
		{6DFBC075-7562-4E12-88FF-FA473AB5AECF}.Debug|Any CPU.Build.0 = Debug|Any CPU
		{6DFBC075-7562-4E12-88FF-FA473AB5AECF}.Release|Any CPU.ActiveCfg = Release|Any CPU
		{6DFBC075-7562-4E12-88FF-FA473AB5AECF}.Release|Any CPU.Build.0 = Release|Any CPU
	EndGlobalSection
	GlobalSection(SolutionProperties) = preSolution
		HideSolutionNode = FALSE
	EndGlobalSection
	GlobalSection(ExtensibilityGlobals) = postSolution
		SolutionGuid = {375EB396-78EF-4FAC-B89B-0AFAD527CC60}
	EndGlobalSection
EndGlobal
